
Microsoft Visual Studio Solution File, Format Version 12.00
# Visual Studio Version 16
VisualStudioVersion = 16.0.32901.82
MinimumVisualStudioVersion = 10.0.40219.1
Project("{FAE04EC0-301F-11D3-BF4B-00C04F79EFBC}") = "bss-st-api", "bss-st-api\bss-st-api.csproj", "{DCF6BB5D-F7C9-43C7-BABF-892D2DD65CDC}"
EndProject
Global
	GlobalSection(SolutionConfigurationPlatforms) = preSolution
		Debug|Any CPU = Debug|Any CPU
		Release|Any CPU = Release|Any CPU
	EndGlobalSection
	GlobalSection(ProjectConfigurationPlatforms) = postSolution
		{DCF6BB5D-F7C9-43C7-BABF-892D2DD65CDC}.Debug|Any CPU.ActiveCfg = Debug|Any CPU
		{DCF6BB5D-F7C9-43C7-BABF-892D2DD65CDC}.Debug|Any CPU.Build.0 = Debug|Any CPU
		{DCF6BB5D-F7C9-43C7-BABF-892D2DD65CDC}.Release|Any CPU.ActiveCfg = Release|Any CPU
		{DCF6BB5D-F7C9-43C7-BABF-892D2DD65CDC}.Release|Any CPU.Build.0 = Release|Any CPU
	EndGlobalSection
	GlobalSection(SolutionProperties) = preSolution
		HideSolutionNode = FALSE
	EndGlobalSection
	GlobalSection(ExtensibilityGlobals) = postSolution
		SolutionGuid = {4316F80D-211B-4F0A-B5F4-5CC08688D1EA}
	EndGlobalSection
EndGlobal
